
Microsoft Visual Studio Solution File, Format Version 12.00
# Visual Studio Version 16
VisualStudioVersion = 16.0.32413.511
MinimumVisualStudioVersion = 10.0.40219.1
Project("{FAE04EC0-301F-11D3-BF4B-00C04F79EFBC}") = "NewProject", "NewProject\NewProject.csproj", "{D325D547-26B9-4484-91F8-E791B62BBAD7}"
EndProject
Global
	GlobalSection(SolutionConfigurationPlatforms) = preSolution
		Debug|Any CPU = Debug|Any CPU
		Release|Any CPU = Release|Any CPU
	EndGlobalSection
	GlobalSection(ProjectConfigurationPlatforms) = postSolution
		{D325D547-26B9-4484-91F8-E791B62BBAD7}.Debug|Any CPU.ActiveCfg = Debug|Any CPU
		{D325D547-26B9-4484-91F8-E791B62BBAD7}.Debug|Any CPU.Build.0 = Debug|Any CPU
		{D325D547-26B9-4484-91F8-E791B62BBAD7}.Release|Any CPU.ActiveCfg = Release|Any CPU
		{D325D547-26B9-4484-91F8-E791B62BBAD7}.Release|Any CPU.Build.0 = Release|Any CPU
	EndGlobalSection
	GlobalSection(SolutionProperties) = preSolution
		HideSolutionNode = FALSE
	EndGlobalSection
	GlobalSection(ExtensibilityGlobals) = postSolution
		SolutionGuid = {1C82F851-A4AC-4267-BBA1-81B112F33358}
	EndGlobalSection
EndGlobal
